
Microsoft Visual Studio Solution File, Format Version 12.00
# Visual Studio Version 17
VisualStudioVersion = 17.5.33414.496
MinimumVisualStudioVersion = 10.0.40219.1
Project("{FAE04EC0-301F-11D3-BF4B-00C04F79EFBC}") = "ChatApp", "ChatApp.csproj", "{1D40922C-419E-4059-9086-727916AF95AB}"
EndProject
Global
	GlobalSection(SolutionConfigurationPlatforms) = preSolution
		Debug|Any CPU = Debug|Any CPU
		Release|Any CPU = Release|Any CPU
	EndGlobalSection
	GlobalSection(ProjectConfigurationPlatforms) = postSolution
		{1D40922C-419E-4059-9086-727916AF95AB}.Debug|Any CPU.ActiveCfg = Debug|Any CPU
		{1D40922C-419E-4059-9086-727916AF95AB}.Debug|Any CPU.Build.0 = Debug|Any CPU
		{1D40922C-419E-4059-9086-727916AF95AB}.Release|Any CPU.ActiveCfg = Release|Any CPU
		{1D40922C-419E-4059-9086-727916AF95AB}.Release|Any CPU.Build.0 = Release|Any CPU
	EndGlobalSection
	GlobalSection(SolutionProperties) = preSolution
		HideSolutionNode = FALSE
	EndGlobalSection
	GlobalSection(ExtensibilityGlobals) = postSolution
		SolutionGuid = {36FF1CED-69D2-41F9-A93A-25325F132EF8}
	EndGlobalSection
EndGlobal
